
Microsoft Visual Studio Solution File, Format Version 12.00
# Visual Studio 15
Project("{FAE04EC0-301F-11D3-BF4B-00C04F79EFBC}") = "UnityEngine.UI", "UnityEngine.UI.csproj", "{8AFDF083-B926-16E2-6491-CC9A051C1E08}"
EndProject
Project("{FAE04EC0-301F-11D3-BF4B-00C04F79EFBC}") = "Unity.AdaptivePerformance", "Unity.AdaptivePerformance.csproj", "{31808692-51E3-5021-18D7-EF69C914F7D7}"
EndProject
Project("{FAE04EC0-301F-11D3-BF4B-00C04F79EFBC}") = "UnityEngine.TestRunner", "UnityEngine.TestRunner.csproj", "{FB95DE3D-2CE1-F3B5-0FFC-3BBDFE6037A4}"
EndProject
Project("{FAE04EC0-301F-11D3-BF4B-00C04F79EFBC}") = "Unity.VisualScripting.Flow", "Unity.VisualScripting.Flow.csproj", "{AD7ED46F-00A5-7162-50BF-2F2870634217}"
EndProject
Project("{FAE04EC0-301F-11D3-BF4B-00C04F79EFBC}") = "Unity.InputSystem", "Unity.InputSystem.csproj", "{80D9EF97-9EDD-CD4E-2CE7-B0378D62ABA2}"
EndProject
Project("{FAE04EC0-301F-11D3-BF4B-00C04F79EFBC}") = "Unity.VisualScripting.State", "Unity.VisualScripting.State.csproj", "{5655B492-067C-41A1-B948-32F38F03352C}"
EndProject
Project("{FAE04EC0-301F-11D3-BF4B-00C04F79EFBC}") = "Unity.VisualScripting.Core", "Unity.VisualScripting.Core.csproj", "{0F0F1F2B-8724-1A61-0536-EF64A9FBDE26}"
EndProject
Project("{FAE04EC0-301F-11D3-BF4B-00C04F79EFBC}") = "Unity.TextMeshPro", "Unity.TextMeshPro.csproj", "{47C7C000-3508-1B3F-8E36-DADF4DEC8717}"
EndProject
Project("{FAE04EC0-301F-11D3-BF4B-00C04F79EFBC}") = "Unity.Timeline", "Unity.Timeline.csproj", "{A5EFCF5D-0715-4278-0C2C-2F2A12EE4AB9}"
EndProject
Project("{FAE04EC0-301F-11D3-BF4B-00C04F79EFBC}") = "Unity.Notifications.Android", "Unity.Notifications.Android.csproj", "{7809DC20-C830-2A59-C6AB-64E476FF7C2E}"
EndProject
Project("{FAE04EC0-301F-11D3-BF4B-00C04F79EFBC}") = "Assembly-CSharp", "Assembly-CSharp.csproj", "{160E2BF6-D47F-F1F0-CF3D-BE1EB602AD7B}"
EndProject
Project("{FAE04EC0-301F-11D3-BF4B-00C04F79EFBC}") = "SimpleInput.Runtime", "SimpleInput.Runtime.csproj", "{A66692D4-1334-80E2-1D60-8A78DBB3E7E9}"
EndProject
Project("{FAE04EC0-301F-11D3-BF4B-00C04F79EFBC}") = "Unity.Notifications.iOS", "Unity.Notifications.iOS.csproj", "{6EA10EAC-BA3F-57D9-F1A1-A9E16FC29D46}"
EndProject
Project("{FAE04EC0-301F-11D3-BF4B-00C04F79EFBC}") = "Unity.InputSystem.TestFramework", "Unity.InputSystem.TestFramework.csproj", "{E9EA7633-7E2A-2107-8B8E-7068D928659C}"
EndProject
Project("{FAE04EC0-301F-11D3-BF4B-00C04F79EFBC}") = "Unity.Profiling.Core", "Unity.Profiling.Core.csproj", "{BEE5105D-FC02-EB24-573A-305D5B17E9B5}"
EndProject
Project("{FAE04EC0-301F-11D3-BF4B-00C04F79EFBC}") = "Unity.Subsystem.Registration", "Unity.Subsystem.Registration.csproj", "{0E649F50-0841-2AD1-B971-60DC3D64B50E}"
EndProject
Project("{FAE04EC0-301F-11D3-BF4B-00C04F79EFBC}") = "Unity.PlasticSCM.Editor", "Unity.PlasticSCM.Editor.csproj", "{1881F12B-2DFB-9C54-610D-DDC30C05B8B0}"
EndProject
Project("{FAE04EC0-301F-11D3-BF4B-00C04F79EFBC}") = "Unity.VisualScripting.Core.Editor", "Unity.VisualScripting.Core.Editor.csproj", "{716F207D-CFA3-3D33-4B25-E9100CAD46D5}"
EndProject
Project("{FAE04EC0-301F-11D3-BF4B-00C04F79EFBC}") = "Unity.VisualScripting.Flow.Editor", "Unity.VisualScripting.Flow.Editor.csproj", "{6371FAB6-5AE6-5006-B160-C4054106B020}"
EndProject
Project("{FAE04EC0-301F-11D3-BF4B-00C04F79EFBC}") = "Unity.VisualStudio.Editor", "Unity.VisualStudio.Editor.csproj", "{3903C2DF-460F-1182-F3E6-548287604051}"
EndProject
Project("{FAE04EC0-301F-11D3-BF4B-00C04F79EFBC}") = "Unity.Timeline.Editor", "Unity.Timeline.Editor.csproj", "{B114413D-E868-04CA-6607-63A1F4BCE1AD}"
EndProject
Project("{FAE04EC0-301F-11D3-BF4B-00C04F79EFBC}") = "Unity.VisualScripting.State.Editor", "Unity.VisualScripting.State.Editor.csproj", "{31EF3D18-C793-92D7-041C-280D3BE99945}"
EndProject
Project("{FAE04EC0-301F-11D3-BF4B-00C04F79EFBC}") = "Unity.TextMeshPro.Editor", "Unity.TextMeshPro.Editor.csproj", "{515153C0-3452-7633-EAAA-A6689875D905}"
EndProject
Project("{FAE04EC0-301F-11D3-BF4B-00C04F79EFBC}") = "Unity.AdaptivePerformance.Simulator.Editor", "Unity.AdaptivePerformance.Simulator.Editor.csproj", "{F5EAEB2A-D5AD-9025-3B12-051B7920F117}"
EndProject
Project("{FAE04EC0-301F-11D3-BF4B-00C04F79EFBC}") = "Unity.VisualScripting.SettingsProvider.Editor", "Unity.VisualScripting.SettingsProvider.Editor.csproj", "{BF10F031-4892-5F72-5FD0-D2C7253916B3}"
EndProject
Project("{FAE04EC0-301F-11D3-BF4B-00C04F79EFBC}") = "UnityEditor.TestRunner", "UnityEditor.TestRunner.csproj", "{1F723610-7F1A-30F0-1371-15C3E19545F0}"
EndProject
Project("{FAE04EC0-301F-11D3-BF4B-00C04F79EFBC}") = "Unity.Mobile.AndroidLogcat.Editor", "Unity.Mobile.AndroidLogcat.Editor.csproj", "{2188727D-EE13-ED7D-AF05-0C6F8B8DE9E8}"
EndProject
Project("{FAE04EC0-301F-11D3-BF4B-00C04F79EFBC}") = "Unity.Rider.Editor", "Unity.Rider.Editor.csproj", "{AB1CEDB7-A8A1-8B26-5626-349EB78A4CCB}"
EndProject
Project("{FAE04EC0-301F-11D3-BF4B-00C04F79EFBC}") = "Unity.VSCode.Editor", "Unity.VSCode.Editor.csproj", "{3B5BFA40-11FA-AF18-9618-438D1989A5E8}"
EndProject
Project("{FAE04EC0-301F-11D3-BF4B-00C04F79EFBC}") = "Unity.Notifications", "Unity.Notifications.csproj", "{275F2FED-C55C-9CBF-6DB4-F5A890B632FC}"
EndProject
Project("{FAE04EC0-301F-11D3-BF4B-00C04F79EFBC}") = "UnityEditor.UI", "UnityEditor.UI.csproj", "{339D6000-4275-E23E-EB8D-34DA1BDD2202}"
EndProject
Project("{FAE04EC0-301F-11D3-BF4B-00C04F79EFBC}") = "SimpleInput.Editor", "SimpleInput.Editor.csproj", "{A7CFE4C3-437C-0074-50DE-60B9362C81E3}"
EndProject
Project("{FAE04EC0-301F-11D3-BF4B-00C04F79EFBC}") = "Unity.CollabProxy.Editor", "Unity.CollabProxy.Editor.csproj", "{480B443C-0A86-B86B-5A86-2D3A2AB59500}"
EndProject
Project("{FAE04EC0-301F-11D3-BF4B-00C04F79EFBC}") = "Unity.AdaptivePerformance.Editor", "Unity.AdaptivePerformance.Editor.csproj", "{0DCF4C14-58C1-4942-0CF5-A22B774A66A5}"
EndProject
Project("{FAE04EC0-301F-11D3-BF4B-00C04F79EFBC}") = "Unity.VisualScripting.Shared.Editor", "Unity.VisualScripting.Shared.Editor.csproj", "{E529FAA1-7A2D-81DE-A9D5-279A50027AF9}"
EndProject
Project("{FAE04EC0-301F-11D3-BF4B-00C04F79EFBC}") = "Unity.AdaptivePerformance.Simulator.Extension", "Unity.AdaptivePerformance.Simulator.Extension.csproj", "{08682E7B-916E-CB00-21AA-4B5D99AD1C3F}"
EndProject
Project("{FAE04EC0-301F-11D3-BF4B-00C04F79EFBC}") = "Unity.AdaptivePerformance.UI.Editor", "Unity.AdaptivePerformance.UI.Editor.csproj", "{582FA468-0CAB-7F72-3F06-AA86953A435A}"
EndProject
Project("{FAE04EC0-301F-11D3-BF4B-00C04F79EFBC}") = "Unity.AdaptivePerformance.Profiler.Editor", "Unity.AdaptivePerformance.Profiler.Editor.csproj", "{6E5F05C1-A3E0-363D-6964-DE3E0E0C53B9}"
EndProject
Global
	GlobalSection(SolutionConfigurationPlatforms) = preSolution
		Debug|Any CPU = Debug|Any CPU
		Release|Any CPU = Release|Any CPU
	EndGlobalSection
	GlobalSection(ProjectConfigurationPlatforms) = postSolution
		{8AFDF083-B926-16E2-6491-CC9A051C1E08}.Debug|Any CPU.ActiveCfg = Debug|Any CPU
		{8AFDF083-B926-16E2-6491-CC9A051C1E08}.Debug|Any CPU.Build.0 = Debug|Any CPU
		{8AFDF083-B926-16E2-6491-CC9A051C1E08}.Release|Any CPU.ActiveCfg = Release|Any CPU
		{8AFDF083-B926-16E2-6491-CC9A051C1E08}.Release|Any CPU.Build.0 = Release|Any CPU
		{31808692-51E3-5021-18D7-EF69C914F7D7}.Debug|Any CPU.ActiveCfg = Debug|Any CPU
		{31808692-51E3-5021-18D7-EF69C914F7D7}.Debug|Any CPU.Build.0 = Debug|Any CPU
		{31808692-51E3-5021-18D7-EF69C914F7D7}.Release|Any CPU.ActiveCfg = Release|Any CPU
		{31808692-51E3-5021-18D7-EF69C914F7D7}.Release|Any CPU.Build.0 = Release|Any CPU
		{FB95DE3D-2CE1-F3B5-0FFC-3BBDFE6037A4}.Debug|Any CPU.ActiveCfg = Debug|Any CPU
		{FB95DE3D-2CE1-F3B5-0FFC-3BBDFE6037A4}.Debug|Any CPU.Build.0 = Debug|Any CPU
		{FB95DE3D-2CE1-F3B5-0FFC-3BBDFE6037A4}.Release|Any CPU.ActiveCfg = Release|Any CPU
		{FB95DE3D-2CE1-F3B5-0FFC-3BBDFE6037A4}.Release|Any CPU.Build.0 = Release|Any CPU
		{AD7ED46F-00A5-7162-50BF-2F2870634217}.Debug|Any CPU.ActiveCfg = Debug|Any CPU
		{AD7ED46F-00A5-7162-50BF-2F2870634217}.Debug|Any CPU.Build.0 = Debug|Any CPU
		{AD7ED46F-00A5-7162-50BF-2F2870634217}.Release|Any CPU.ActiveCfg = Release|Any CPU
		{AD7ED46F-00A5-7162-50BF-2F2870634217}.Release|Any CPU.Build.0 = Release|Any CPU
		{80D9EF97-9EDD-CD4E-2CE7-B0378D62ABA2}.Debug|Any CPU.ActiveCfg = Debug|Any CPU
		{80D9EF97-9EDD-CD4E-2CE7-B0378D62ABA2}.Debug|Any CPU.Build.0 = Debug|Any CPU
		{80D9EF97-9EDD-CD4E-2CE7-B0378D62ABA2}.Release|Any CPU.ActiveCfg = Release|Any CPU
		{80D9EF97-9EDD-CD4E-2CE7-B0378D62ABA2}.Release|Any CPU.Build.0 = Release|Any CPU
		{5655B492-067C-41A1-B948-32F38F03352C}.Debug|Any CPU.ActiveCfg = Debug|Any CPU
		{5655B492-067C-41A1-B948-32F38F03352C}.Debug|Any CPU.Build.0 = Debug|Any CPU
		{5655B492-067C-41A1-B948-32F38F03352C}.Release|Any CPU.ActiveCfg = Release|Any CPU
		{5655B492-067C-41A1-B948-32F38F03352C}.Release|Any CPU.Build.0 = Release|Any CPU
		{0F0F1F2B-8724-1A61-0536-EF64A9FBDE26}.Debug|Any CPU.ActiveCfg = Debug|Any CPU
		{0F0F1F2B-8724-1A61-0536-EF64A9FBDE26}.Debug|Any CPU.Build.0 = Debug|Any CPU
		{0F0F1F2B-8724-1A61-0536-EF64A9FBDE26}.Release|Any CPU.ActiveCfg = Release|Any CPU
		{0F0F1F2B-8724-1A61-0536-EF64A9FBDE26}.Release|Any CPU.Build.0 = Release|Any CPU
		{47C7C000-3508-1B3F-8E36-DADF4DEC8717}.Debug|Any CPU.ActiveCfg = Debug|Any CPU
		{47C7C000-3508-1B3F-8E36-DADF4DEC8717}.Debug|Any CPU.Build.0 = Debug|Any CPU
		{47C7C000-3508-1B3F-8E36-DADF4DEC8717}.Release|Any CPU.ActiveCfg = Release|Any CPU
		{47C7C000-3508-1B3F-8E36-DADF4DEC8717}.Release|Any CPU.Build.0 = Release|Any CPU
		{A5EFCF5D-0715-4278-0C2C-2F2A12EE4AB9}.Debug|Any CPU.ActiveCfg = Debug|Any CPU
		{A5EFCF5D-0715-4278-0C2C-2F2A12EE4AB9}.Debug|Any CPU.Build.0 = Debug|Any CPU
		{A5EFCF5D-0715-4278-0C2C-2F2A12EE4AB9}.Release|Any CPU.ActiveCfg = Release|Any CPU
		{A5EFCF5D-0715-4278-0C2C-2F2A12EE4AB9}.Release|Any CPU.Build.0 = Release|Any CPU
		{7809DC20-C830-2A59-C6AB-64E476FF7C2E}.Debug|Any CPU.ActiveCfg = Debug|Any CPU
		{7809DC20-C830-2A59-C6AB-64E476FF7C2E}.Debug|Any CPU.Build.0 = Debug|Any CPU
		{7809DC20-C830-2A59-C6AB-64E476FF7C2E}.Release|Any CPU.ActiveCfg = Release|Any CPU
		{7809DC20-C830-2A59-C6AB-64E476FF7C2E}.Release|Any CPU.Build.0 = Release|Any CPU
		{160E2BF6-D47F-F1F0-CF3D-BE1EB602AD7B}.Debug|Any CPU.ActiveCfg = Debug|Any CPU
		{160E2BF6-D47F-F1F0-CF3D-BE1EB602AD7B}.Debug|Any CPU.Build.0 = Debug|Any CPU
		{160E2BF6-D47F-F1F0-CF3D-BE1EB602AD7B}.Release|Any CPU.ActiveCfg = Release|Any CPU
		{160E2BF6-D47F-F1F0-CF3D-BE1EB602AD7B}.Release|Any CPU.Build.0 = Release|Any CPU
		{A66692D4-1334-80E2-1D60-8A78DBB3E7E9}.Debug|Any CPU.ActiveCfg = Debug|Any CPU
		{A66692D4-1334-80E2-1D60-8A78DBB3E7E9}.Debug|Any CPU.Build.0 = Debug|Any CPU
		{A66692D4-1334-80E2-1D60-8A78DBB3E7E9}.Release|Any CPU.ActiveCfg = Release|Any CPU
		{A66692D4-1334-80E2-1D60-8A78DBB3E7E9}.Release|Any CPU.Build.0 = Release|Any CPU
		{6EA10EAC-BA3F-57D9-F1A1-A9E16FC29D46}.Debug|Any CPU.ActiveCfg = Debug|Any CPU
		{6EA10EAC-BA3F-57D9-F1A1-A9E16FC29D46}.Debug|Any CPU.Build.0 = Debug|Any CPU
		{6EA10EAC-BA3F-57D9-F1A1-A9E16FC29D46}.Release|Any CPU.ActiveCfg = Release|Any CPU
		{6EA10EAC-BA3F-57D9-F1A1-A9E16FC29D46}.Release|Any CPU.Build.0 = Release|Any CPU
		{E9EA7633-7E2A-2107-8B8E-7068D928659C}.Debug|Any CPU.ActiveCfg = Debug|Any CPU
		{E9EA7633-7E2A-2107-8B8E-7068D928659C}.Debug|Any CPU.Build.0 = Debug|Any CPU
		{E9EA7633-7E2A-2107-8B8E-7068D928659C}.Release|Any CPU.ActiveCfg = Release|Any CPU
		{E9EA7633-7E2A-2107-8B8E-7068D928659C}.Release|Any CPU.Build.0 = Release|Any CPU
		{BEE5105D-FC02-EB24-573A-305D5B17E9B5}.Debug|Any CPU.ActiveCfg = Debug|Any CPU
		{BEE5105D-FC02-EB24-573A-305D5B17E9B5}.Debug|Any CPU.Build.0 = Debug|Any CPU
		{BEE5105D-FC02-EB24-573A-305D5B17E9B5}.Release|Any CPU.ActiveCfg = Release|Any CPU
		{BEE5105D-FC02-EB24-573A-305D5B17E9B5}.Release|Any CPU.Build.0 = Release|Any CPU
		{0E649F50-0841-2AD1-B971-60DC3D64B50E}.Debug|Any CPU.ActiveCfg = Debug|Any CPU
		{0E649F50-0841-2AD1-B971-60DC3D64B50E}.Debug|Any CPU.Build.0 = Debug|Any CPU
		{0E649F50-0841-2AD1-B971-60DC3D64B50E}.Release|Any CPU.ActiveCfg = Release|Any CPU
		{0E649F50-0841-2AD1-B971-60DC3D64B50E}.Release|Any CPU.Build.0 = Release|Any CPU
		{1881F12B-2DFB-9C54-610D-DDC30C05B8B0}.Debug|Any CPU.ActiveCfg = Debug|Any CPU
		{1881F12B-2DFB-9C54-610D-DDC30C05B8B0}.Debug|Any CPU.Build.0 = Debug|Any CPU
		{1881F12B-2DFB-9C54-610D-DDC30C05B8B0}.Release|Any CPU.ActiveCfg = Release|Any CPU
		{1881F12B-2DFB-9C54-610D-DDC30C05B8B0}.Release|Any CPU.Build.0 = Release|Any CPU
		{716F207D-CFA3-3D33-4B25-E9100CAD46D5}.Debug|Any CPU.ActiveCfg = Debug|Any CPU
		{716F207D-CFA3-3D33-4B25-E9100CAD46D5}.Debug|Any CPU.Build.0 = Debug|Any CPU
		{716F207D-CFA3-3D33-4B25-E9100CAD46D5}.Release|Any CPU.ActiveCfg = Release|Any CPU
		{716F207D-CFA3-3D33-4B25-E9100CAD46D5}.Release|Any CPU.Build.0 = Release|Any CPU
		{6371FAB6-5AE6-5006-B160-C4054106B020}.Debug|Any CPU.ActiveCfg = Debug|Any CPU
		{6371FAB6-5AE6-5006-B160-C4054106B020}.Debug|Any CPU.Build.0 = Debug|Any CPU
		{6371FAB6-5AE6-5006-B160-C4054106B020}.Release|Any CPU.ActiveCfg = Release|Any CPU
		{6371FAB6-5AE6-5006-B160-C4054106B020}.Release|Any CPU.Build.0 = Release|Any CPU
		{3903C2DF-460F-1182-F3E6-548287604051}.Debug|Any CPU.ActiveCfg = Debug|Any CPU
		{3903C2DF-460F-1182-F3E6-548287604051}.Debug|Any CPU.Build.0 = Debug|Any CPU
		{3903C2DF-460F-1182-F3E6-548287604051}.Release|Any CPU.ActiveCfg = Release|Any CPU
		{3903C2DF-460F-1182-F3E6-548287604051}.Release|Any CPU.Build.0 = Release|Any CPU
		{B114413D-E868-04CA-6607-63A1F4BCE1AD}.Debug|Any CPU.ActiveCfg = Debug|Any CPU
		{B114413D-E868-04CA-6607-63A1F4BCE1AD}.Debug|Any CPU.Build.0 = Debug|Any CPU
		{B114413D-E868-04CA-6607-63A1F4BCE1AD}.Release|Any CPU.ActiveCfg = Release|Any CPU
		{B114413D-E868-04CA-6607-63A1F4BCE1AD}.Release|Any CPU.Build.0 = Release|Any CPU
		{31EF3D18-C793-92D7-041C-280D3BE99945}.Debug|Any CPU.ActiveCfg = Debug|Any CPU
		{31EF3D18-C793-92D7-041C-280D3BE99945}.Debug|Any CPU.Build.0 = Debug|Any CPU
		{31EF3D18-C793-92D7-041C-280D3BE99945}.Release|Any CPU.ActiveCfg = Release|Any CPU
		{31EF3D18-C793-92D7-041C-280D3BE99945}.Release|Any CPU.Build.0 = Release|Any CPU
		{515153C0-3452-7633-EAAA-A6689875D905}.Debug|Any CPU.ActiveCfg = Debug|Any CPU
		{515153C0-3452-7633-EAAA-A6689875D905}.Debug|Any CPU.Build.0 = Debug|Any CPU
		{515153C0-3452-7633-EAAA-A6689875D905}.Release|Any CPU.ActiveCfg = Release|Any CPU
		{515153C0-3452-7633-EAAA-A6689875D905}.Release|Any CPU.Build.0 = Release|Any CPU
		{F5EAEB2A-D5AD-9025-3B12-051B7920F117}.Debug|Any CPU.ActiveCfg = Debug|Any CPU
		{F5EAEB2A-D5AD-9025-3B12-051B7920F117}.Debug|Any CPU.Build.0 = Debug|Any CPU
		{F5EAEB2A-D5AD-9025-3B12-051B7920F117}.Release|Any CPU.ActiveCfg = Release|Any CPU
		{F5EAEB2A-D5AD-9025-3B12-051B7920F117}.Release|Any CPU.Build.0 = Release|Any CPU
		{BF10F031-4892-5F72-5FD0-D2C7253916B3}.Debug|Any CPU.ActiveCfg = Debug|Any CPU
		{BF10F031-4892-5F72-5FD0-D2C7253916B3}.Debug|Any CPU.Build.0 = Debug|Any CPU
		{BF10F031-4892-5F72-5FD0-D2C7253916B3}.Release|Any CPU.ActiveCfg = Release|Any CPU
		{BF10F031-4892-5F72-5FD0-D2C7253916B3}.Release|Any CPU.Build.0 = Release|Any CPU
		{1F723610-7F1A-30F0-1371-15C3E19545F0}.Debug|Any CPU.ActiveCfg = Debug|Any CPU
		{1F723610-7F1A-30F0-1371-15C3E19545F0}.Debug|Any CPU.Build.0 = Debug|Any CPU
		{1F723610-7F1A-30F0-1371-15C3E19545F0}.Release|Any CPU.ActiveCfg = Release|Any CPU
		{1F723610-7F1A-30F0-1371-15C3E19545F0}.Release|Any CPU.Build.0 = Release|Any CPU
		{2188727D-EE13-ED7D-AF05-0C6F8B8DE9E8}.Debug|Any CPU.ActiveCfg = Debug|Any CPU
		{2188727D-EE13-ED7D-AF05-0C6F8B8DE9E8}.Debug|Any CPU.Build.0 = Debug|Any CPU
		{2188727D-EE13-ED7D-AF05-0C6F8B8DE9E8}.Release|Any CPU.ActiveCfg = Release|Any CPU
		{2188727D-EE13-ED7D-AF05-0C6F8B8DE9E8}.Release|Any CPU.Build.0 = Release|Any CPU
		{AB1CEDB7-A8A1-8B26-5626-349EB78A4CCB}.Debug|Any CPU.ActiveCfg = Debug|Any CPU
		{AB1CEDB7-A8A1-8B26-5626-349EB78A4CCB}.Debug|Any CPU.Build.0 = Debug|Any CPU
		{AB1CEDB7-A8A1-8B26-5626-349EB78A4CCB}.Release|Any CPU.ActiveCfg = Release|Any CPU
		{AB1CEDB7-A8A1-8B26-5626-349EB78A4CCB}.Release|Any CPU.Build.0 = Release|Any CPU
		{3B5BFA40-11FA-AF18-9618-438D1989A5E8}.Debug|Any CPU.ActiveCfg = Debug|Any CPU
		{3B5BFA40-11FA-AF18-9618-438D1989A5E8}.Debug|Any CPU.Build.0 = Debug|Any CPU
		{3B5BFA40-11FA-AF18-9618-438D1989A5E8}.Release|Any CPU.ActiveCfg = Release|Any CPU
		{3B5BFA40-11FA-AF18-9618-438D1989A5E8}.Release|Any CPU.Build.0 = Release|Any CPU
		{275F2FED-C55C-9CBF-6DB4-F5A890B632FC}.Debug|Any CPU.ActiveCfg = Debug|Any CPU
		{275F2FED-C55C-9CBF-6DB4-F5A890B632FC}.Debug|Any CPU.Build.0 = Debug|Any CPU
		{275F2FED-C55C-9CBF-6DB4-F5A890B632FC}.Release|Any CPU.ActiveCfg = Release|Any CPU
		{275F2FED-C55C-9CBF-6DB4-F5A890B632FC}.Release|Any CPU.Build.0 = Release|Any CPU
		{339D6000-4275-E23E-EB8D-34DA1BDD2202}.Debug|Any CPU.ActiveCfg = Debug|Any CPU
		{339D6000-4275-E23E-EB8D-34DA1BDD2202}.Debug|Any CPU.Build.0 = Debug|Any CPU
		{339D6000-4275-E23E-EB8D-34DA1BDD2202}.Release|Any CPU.ActiveCfg = Release|Any CPU
		{339D6000-4275-E23E-EB8D-34DA1BDD2202}.Release|Any CPU.Build.0 = Release|Any CPU
		{A7CFE4C3-437C-0074-50DE-60B9362C81E3}.Debug|Any CPU.ActiveCfg = Debug|Any CPU
		{A7CFE4C3-437C-0074-50DE-60B9362C81E3}.Debug|Any CPU.Build.0 = Debug|Any CPU
		{A7CFE4C3-437C-0074-50DE-60B9362C81E3}.Release|Any CPU.ActiveCfg = Release|Any CPU
		{A7CFE4C3-437C-0074-50DE-60B9362C81E3}.Release|Any CPU.Build.0 = Release|Any CPU
		{480B443C-0A86-B86B-5A86-2D3A2AB59500}.Debug|Any CPU.ActiveCfg = Debug|Any CPU
		{480B443C-0A86-B86B-5A86-2D3A2AB59500}.Debug|Any CPU.Build.0 = Debug|Any CPU
		{480B443C-0A86-B86B-5A86-2D3A2AB59500}.Release|Any CPU.ActiveCfg = Release|Any CPU
		{480B443C-0A86-B86B-5A86-2D3A2AB59500}.Release|Any CPU.Build.0 = Release|Any CPU
		{0DCF4C14-58C1-4942-0CF5-A22B774A66A5}.Debug|Any CPU.ActiveCfg = Debug|Any CPU
		{0DCF4C14-58C1-4942-0CF5-A22B774A66A5}.Debug|Any CPU.Build.0 = Debug|Any CPU
		{0DCF4C14-58C1-4942-0CF5-A22B774A66A5}.Release|Any CPU.ActiveCfg = Release|Any CPU
		{0DCF4C14-58C1-4942-0CF5-A22B774A66A5}.Release|Any CPU.Build.0 = Release|Any CPU
		{E529FAA1-7A2D-81DE-A9D5-279A50027AF9}.Debug|Any CPU.ActiveCfg = Debug|Any CPU
		{E529FAA1-7A2D-81DE-A9D5-279A50027AF9}.Debug|Any CPU.Build.0 = Debug|Any CPU
		{E529FAA1-7A2D-81DE-A9D5-279A50027AF9}.Release|Any CPU.ActiveCfg = Release|Any CPU
		{E529FAA1-7A2D-81DE-A9D5-279A50027AF9}.Release|Any CPU.Build.0 = Release|Any CPU
		{08682E7B-916E-CB00-21AA-4B5D99AD1C3F}.Debug|Any CPU.ActiveCfg = Debug|Any CPU
		{08682E7B-916E-CB00-21AA-4B5D99AD1C3F}.Debug|Any CPU.Build.0 = Debug|Any CPU
		{08682E7B-916E-CB00-21AA-4B5D99AD1C3F}.Release|Any CPU.ActiveCfg = Release|Any CPU
		{08682E7B-916E-CB00-21AA-4B5D99AD1C3F}.Release|Any CPU.Build.0 = Release|Any CPU
		{582FA468-0CAB-7F72-3F06-AA86953A435A}.Debug|Any CPU.ActiveCfg = Debug|Any CPU
		{582FA468-0CAB-7F72-3F06-AA86953A435A}.Debug|Any CPU.Build.0 = Debug|Any CPU
		{582FA468-0CAB-7F72-3F06-AA86953A435A}.Release|Any CPU.ActiveCfg = Release|Any CPU
		{582FA468-0CAB-7F72-3F06-AA86953A435A}.Release|Any CPU.Build.0 = Release|Any CPU
		{6E5F05C1-A3E0-363D-6964-DE3E0E0C53B9}.Debug|Any CPU.ActiveCfg = Debug|Any CPU
		{6E5F05C1-A3E0-363D-6964-DE3E0E0C53B9}.Debug|Any CPU.Build.0 = Debug|Any CPU
		{6E5F05C1-A3E0-363D-6964-DE3E0E0C53B9}.Release|Any CPU.ActiveCfg = Release|Any CPU
		{6E5F05C1-A3E0-363D-6964-DE3E0E0C53B9}.Release|Any CPU.Build.0 = Release|Any CPU
	EndGlobalSection
	GlobalSection(SolutionProperties) = preSolution
		HideSolutionNode = FALSE
	EndGlobalSection
EndGlobal
